
Microsoft Visual Studio Solution File, Format Version 12.00
# Visual Studio Version 16
VisualStudioVersion = 16.0.29613.14
MinimumVisualStudioVersion = 10.0.40219.1
Project("{9A19103F-16F7-4668-BE54-9A1E7A4F7556}") = "WebApi", "WebApi.csproj", "{2CD3159E-9EAC-49B6-AEC4-5C1D3A3BE93B}"
EndProject
Global
	GlobalSection(SolutionConfigurationPlatforms) = preSolution
		Debug|Any CPU = Debug|Any CPU
		Release|Any CPU = Release|Any CPU
	EndGlobalSection
	GlobalSection(ProjectConfigurationPlatforms) = postSolution
		{2CD3159E-9EAC-49B6-AEC4-5C1D3A3BE93B}.Debug|Any CPU.ActiveCfg = Debug|Any CPU
		{2CD3159E-9EAC-49B6-AEC4-5C1D3A3BE93B}.Debug|Any CPU.Build.0 = Debug|Any CPU
		{2CD3159E-9EAC-49B6-AEC4-5C1D3A3BE93B}.Release|Any CPU.ActiveCfg = Release|Any CPU
		{2CD3159E-9EAC-49B6-AEC4-5C1D3A3BE93B}.Release|Any CPU.Build.0 = Release|Any CPU
	EndGlobalSection
	GlobalSection(SolutionProperties) = preSolution
		HideSolutionNode = FALSE
	EndGlobalSection
	GlobalSection(ExtensibilityGlobals) = postSolution
		SolutionGuid = {941AC6AE-168A-4512-93C3-7305C7E5D872}
	EndGlobalSection
EndGlobal
